
Microsoft Visual Studio Solution File, Format Version 12.00
# Visual Studio Version 17
VisualStudioVersion = 17.9.34607.119
MinimumVisualStudioVersion = 10.0.40219.1
Project("{FAE04EC0-301F-11D3-BF4B-00C04F79EFBC}") = "SchoolPortal", "SchoolPortal.csproj", "{B1B89714-F321-4118-A10E-2FFF05CD4BD9}"
EndProject
Global
	GlobalSection(SolutionConfigurationPlatforms) = preSolution
		Debug|Any CPU = Debug|Any CPU
		Release|Any CPU = Release|Any CPU
	EndGlobalSection
	GlobalSection(ProjectConfigurationPlatforms) = postSolution
		{B1B89714-F321-4118-A10E-2FFF05CD4BD9}.Debug|Any CPU.ActiveCfg = Debug|Any CPU
		{B1B89714-F321-4118-A10E-2FFF05CD4BD9}.Debug|Any CPU.Build.0 = Debug|Any CPU
		{B1B89714-F321-4118-A10E-2FFF05CD4BD9}.Release|Any CPU.ActiveCfg = Release|Any CPU
		{B1B89714-F321-4118-A10E-2FFF05CD4BD9}.Release|Any CPU.Build.0 = Release|Any CPU
	EndGlobalSection
	GlobalSection(SolutionProperties) = preSolution
		HideSolutionNode = FALSE
	EndGlobalSection
	GlobalSection(ExtensibilityGlobals) = postSolution
		SolutionGuid = {FC0D9156-5893-42C3-A1D4-00AFA957DADF}
	EndGlobalSection
EndGlobal
